// !$*UTF8*$!
{
	archiveVersion = 1;
	classes = {
	};
	objectVersion = 48;
	objects = {

/* Begin PBXBuildFile section */
		CF417700218FDBA500FEB204 /* Pic_A_DayUnitTests.swift in Sources */ = {isa = PBXBuildFile; fileRef = CF4176FF218FDBA500FEB204 /* Pic_A_DayUnitTests.swift */; };
		DC69FD40218900A2008BCF28 /* AppDelegate.swift in Sources */ = {isa = PBXBuildFile; fileRef = DC69FD3F218900A2008BCF28 /* AppDelegate.swift */; };
		DC69FD42218900A2008BCF28 /* ViewController.swift in Sources */ = {isa = PBXBuildFile; fileRef = DC69FD41218900A2008BCF28 /* ViewController.swift */; };
		DC69FD45218900A2008BCF28 /* Main.storyboard in Resources */ = {isa = PBXBuildFile; fileRef = DC69FD43218900A2008BCF28 /* Main.storyboard */; };
		DC69FD47218900A2008BCF28 /* Assets.xcassets in Resources */ = {isa = PBXBuildFile; fileRef = DC69FD46218900A2008BCF28 /* Assets.xcassets */; };
		DC69FD4A218900A2008BCF28 /* LaunchScreen.storyboard in Resources */ = {isa = PBXBuildFile; fileRef = DC69FD48218900A2008BCF28 /* LaunchScreen.storyboard */; };
		DC69FD5A21891374008BCF28 /* PhotoPreviewViewController.swift in Sources */ = {isa = PBXBuildFile; fileRef = DC69FD5921891374008BCF28 /* PhotoPreviewViewController.swift */; };
		DC69FD6321899807008BCF28 /* GradientView.swift in Sources */ = {isa = PBXBuildFile; fileRef = DC69FD6221899807008BCF28 /* GradientView.swift */; };
		DC69FD6E2189AB42008BCF28 /* ClipboardCollectionViewCell.swift in Sources */ = {isa = PBXBuildFile; fileRef = DC69FD6D2189AB42008BCF28 /* ClipboardCollectionViewCell.swift */; };
		DC70D601218F88C00075D16B /* EventImageSelectionViewController.swift in Sources */ = {isa = PBXBuildFile; fileRef = DC70D600218F88C00075D16B /* EventImageSelectionViewController.swift */; };
		DC70D603218F8BFC0075D16B /* SettingsViewController.swift in Sources */ = {isa = PBXBuildFile; fileRef = DC70D602218F8BFC0075D16B /* SettingsViewController.swift */; };
		DC952255218F638700CDF279 /* DateCollectionViewCell.swift in Sources */ = {isa = PBXBuildFile; fileRef = DC952254218F638700CDF279 /* DateCollectionViewCell.swift */; };
		DC952257218F65D500CDF279 /* CalendarVars.swift in Sources */ = {isa = PBXBuildFile; fileRef = DC952256218F65D500CDF279 /* CalendarVars.swift */; };
		DC952259218F661900CDF279 /* DayViewController.swift in Sources */ = {isa = PBXBuildFile; fileRef = DC952258218F661900CDF279 /* DayViewController.swift */; };
		DC96802D218A2F3700F6861C /* ClipboardViewController.swift in Sources */ = {isa = PBXBuildFile; fileRef = DC96802C218A2F3700F6861C /* ClipboardViewController.swift */; };
/* End PBXBuildFile section */

/* Begin PBXContainerItemProxy section */
		CF417702218FDBA500FEB204 /* PBXContainerItemProxy */ = {
			isa = PBXContainerItemProxy;
			containerPortal = DC69FD34218900A2008BCF28 /* Project object */;
			proxyType = 1;
			remoteGlobalIDString = DC69FD3B218900A2008BCF28;
			remoteInfo = "Pic-A-Day";
		};
/* End PBXContainerItemProxy section */

/* Begin PBXFileReference section */
		CF4176FD218FDBA500FEB204 /* Pic-A-DayUnitTests.xctest */ = {isa = PBXFileReference; explicitFileType = wrapper.cfbundle; includeInIndex = 0; path = "Pic-A-DayUnitTests.xctest"; sourceTree = BUILT_PRODUCTS_DIR; };
		CF4176FF218FDBA500FEB204 /* Pic_A_DayUnitTests.swift */ = {isa = PBXFileReference; lastKnownFileType = sourcecode.swift; path = Pic_A_DayUnitTests.swift; sourceTree = "<group>"; };
		CF417701218FDBA500FEB204 /* Info.plist */ = {isa = PBXFileReference; lastKnownFileType = text.plist.xml; path = Info.plist; sourceTree = "<group>"; };
		DC69FD3C218900A2008BCF28 /* Pic-A-Day.app */ = {isa = PBXFileReference; explicitFileType = wrapper.application; includeInIndex = 0; path = "Pic-A-Day.app"; sourceTree = BUILT_PRODUCTS_DIR; };
		DC69FD3F218900A2008BCF28 /* AppDelegate.swift */ = {isa = PBXFileReference; lastKnownFileType = sourcecode.swift; path = AppDelegate.swift; sourceTree = "<group>"; };
		DC69FD41218900A2008BCF28 /* ViewController.swift */ = {isa = PBXFileReference; lastKnownFileType = sourcecode.swift; path = ViewController.swift; sourceTree = "<group>"; };
		DC69FD44218900A2008BCF28 /* Base */ = {isa = PBXFileReference; lastKnownFileType = file.storyboard; name = Base; path = Base.lproj/Main.storyboard; sourceTree = "<group>"; };
		DC69FD46218900A2008BCF28 /* Assets.xcassets */ = {isa = PBXFileReference; lastKnownFileType = folder.assetcatalog; path = Assets.xcassets; sourceTree = "<group>"; };
		DC69FD49218900A2008BCF28 /* Base */ = {isa = PBXFileReference; lastKnownFileType = file.storyboard; name = Base; path = Base.lproj/LaunchScreen.storyboard; sourceTree = "<group>"; };
		DC69FD4B218900A2008BCF28 /* Info.plist */ = {isa = PBXFileReference; lastKnownFileType = text.plist.xml; path = Info.plist; sourceTree = "<group>"; };
		DC69FD5921891374008BCF28 /* PhotoPreviewViewController.swift */ = {isa = PBXFileReference; lastKnownFileType = sourcecode.swift; path = PhotoPreviewViewController.swift; sourceTree = "<group>"; };
		DC69FD6221899807008BCF28 /* GradientView.swift */ = {isa = PBXFileReference; lastKnownFileType = sourcecode.swift; path = GradientView.swift; sourceTree = "<group>"; };
		DC69FD6D2189AB42008BCF28 /* ClipboardCollectionViewCell.swift */ = {isa = PBXFileReference; lastKnownFileType = sourcecode.swift; path = ClipboardCollectionViewCell.swift; sourceTree = "<group>"; };
		DC70D600218F88C00075D16B /* EventImageSelectionViewController.swift */ = {isa = PBXFileReference; lastKnownFileType = sourcecode.swift; path = EventImageSelectionViewController.swift; sourceTree = "<group>"; };
		DC70D602218F8BFC0075D16B /* SettingsViewController.swift */ = {isa = PBXFileReference; lastKnownFileType = sourcecode.swift; path = SettingsViewController.swift; sourceTree = "<group>"; };
		DC952254218F638700CDF279 /* DateCollectionViewCell.swift */ = {isa = PBXFileReference; lastKnownFileType = sourcecode.swift; path = DateCollectionViewCell.swift; sourceTree = "<group>"; };
		DC952256218F65D500CDF279 /* CalendarVars.swift */ = {isa = PBXFileReference; lastKnownFileType = sourcecode.swift; path = CalendarVars.swift; sourceTree = "<group>"; };
		DC952258218F661900CDF279 /* DayViewController.swift */ = {isa = PBXFileReference; lastKnownFileType = sourcecode.swift; path = DayViewController.swift; sourceTree = "<group>"; };
		DC96802C218A2F3700F6861C /* ClipboardViewController.swift */ = {isa = PBXFileReference; lastKnownFileType = sourcecode.swift; path = ClipboardViewController.swift; sourceTree = "<group>"; };
/* End PBXFileReference section */

/* Begin PBXFrameworksBuildPhase section */
		CF4176FA218FDBA500FEB204 /* Frameworks */ = {
			isa = PBXFrameworksBuildPhase;
			buildActionMask = 2147483647;
			files = (
			);
			runOnlyForDeploymentPostprocessing = 0;
		};
		DC69FD39218900A2008BCF28 /* Frameworks */ = {
			isa = PBXFrameworksBuildPhase;
			buildActionMask = 2147483647;
			files = (
			);
			runOnlyForDeploymentPostprocessing = 0;
		};
/* End PBXFrameworksBuildPhase section */

/* Begin PBXGroup section */
		CF4176FE218FDBA500FEB204 /* Pic-A-DayUnitTests */ = {
			isa = PBXGroup;
			children = (
				CF4176FF218FDBA500FEB204 /* Pic_A_DayUnitTests.swift */,
				CF417701218FDBA500FEB204 /* Info.plist */,
			);
			path = "Pic-A-DayUnitTests";
			sourceTree = "<group>";
		};
		DC69FD33218900A2008BCF28 = {
			isa = PBXGroup;
			children = (
				DC69FD642189982E008BCF28 /* Cells */,
				DC69FD61218997DA008BCF28 /* Views */,
				DC69FD56218904A8008BCF28 /* Helpers */,
				DC69FD5521890499008BCF28 /* Model */,
				DC69FD5221890451008BCF28 /* View Controllers */,
				DC69FD3E218900A2008BCF28 /* sample-app */,
				CF4176FE218FDBA500FEB204 /* Pic-A-DayUnitTests */,
				DC69FD3D218900A2008BCF28 /* Products */,
			);
			sourceTree = "<group>";
		};
		DC69FD3D218900A2008BCF28 /* Products */ = {
			isa = PBXGroup;
			children = (
				DC69FD3C218900A2008BCF28 /* Pic-A-Day.app */,
				CF4176FD218FDBA500FEB204 /* Pic-A-DayUnitTests.xctest */,
			);
			name = Products;
			sourceTree = "<group>";
		};
		DC69FD3E218900A2008BCF28 /* sample-app */ = {
			isa = PBXGroup;
			children = (
				DC69FD3F218900A2008BCF28 /* AppDelegate.swift */,
				DC69FD43218900A2008BCF28 /* Main.storyboard */,
				DC69FD46218900A2008BCF28 /* Assets.xcassets */,
				DC69FD48218900A2008BCF28 /* LaunchScreen.storyboard */,
				DC69FD4B218900A2008BCF28 /* Info.plist */,
			);
			path = "sample-app";
			sourceTree = "<group>";
		};
		DC69FD5221890451008BCF28 /* View Controllers */ = {
			isa = PBXGroup;
			children = (
				DC69FD41218900A2008BCF28 /* ViewController.swift */,
				DC69FD5921891374008BCF28 /* PhotoPreviewViewController.swift */,
				DC96802C218A2F3700F6861C /* ClipboardViewController.swift */,
				DC952258218F661900CDF279 /* DayViewController.swift */,
				DC70D600218F88C00075D16B /* EventImageSelectionViewController.swift */,
				DC70D602218F8BFC0075D16B /* SettingsViewController.swift */,
			);
			path = "View Controllers";
			sourceTree = "<group>";
		};
		DC69FD5521890499008BCF28 /* Model */ = {
			isa = PBXGroup;
			children = (
				DC952256218F65D500CDF279 /* CalendarVars.swift */,
			);
			path = Model;
			sourceTree = "<group>";
		};
		DC69FD56218904A8008BCF28 /* Helpers */ = {
			isa = PBXGroup;
			children = (
			);
			path = Helpers;
			sourceTree = "<group>";
		};
		DC69FD61218997DA008BCF28 /* Views */ = {
			isa = PBXGroup;
			children = (
				DC69FD6221899807008BCF28 /* GradientView.swift */,
			);
			path = Views;
			sourceTree = "<group>";
		};
		DC69FD642189982E008BCF28 /* Cells */ = {
			isa = PBXGroup;
			children = (
				DC69FD6D2189AB42008BCF28 /* ClipboardCollectionViewCell.swift */,
				DC952254218F638700CDF279 /* DateCollectionViewCell.swift */,
			);
			path = Cells;
			sourceTree = "<group>";
		};
/* End PBXGroup section */

/* Begin PBXNativeTarget section */
		CF4176FC218FDBA500FEB204 /* Pic-A-DayUnitTests */ = {
			isa = PBXNativeTarget;
			buildConfigurationList = CF417706218FDBA500FEB204 /* Build configuration list for PBXNativeTarget "Pic-A-DayUnitTests" */;
			buildPhases = (
				CF4176F9218FDBA500FEB204 /* Sources */,
				CF4176FA218FDBA500FEB204 /* Frameworks */,
				CF4176FB218FDBA500FEB204 /* Resources */,
			);
			buildRules = (
			);
			dependencies = (
				CF417703218FDBA500FEB204 /* PBXTargetDependency */,
			);
			name = "Pic-A-DayUnitTests";
			productName = "Pic-A-DayUnitTests";
			productReference = CF4176FD218FDBA500FEB204 /* Pic-A-DayUnitTests.xctest */;
			productType = "com.apple.product-type.bundle.unit-test";
		};
		DC69FD3B218900A2008BCF28 /* Pic-A-Day */ = {
			isa = PBXNativeTarget;
			buildConfigurationList = DC69FD4E218900A2008BCF28 /* Build configuration list for PBXNativeTarget "Pic-A-Day" */;
			buildPhases = (
				DC69FD38218900A2008BCF28 /* Sources */,
				DC69FD39218900A2008BCF28 /* Frameworks */,
				DC69FD3A218900A2008BCF28 /* Resources */,
			);
			buildRules = (
			);
			dependencies = (
			);
			name = "Pic-A-Day";
			productName = "sample-app";
			productReference = DC69FD3C218900A2008BCF28 /* Pic-A-Day.app */;
			productType = "com.apple.product-type.application";
		};
/* End PBXNativeTarget section */

/* Begin PBXProject section */
		DC69FD34218900A2008BCF28 /* Project object */ = {
			isa = PBXProject;
			attributes = {
				LastSwiftUpdateCheck = 1010;
				LastUpgradeCheck = 0920;
				ORGANIZATIONNAME = "Takudzwa Mhonde";
				TargetAttributes = {
					CF4176FC218FDBA500FEB204 = {
						CreatedOnToolsVersion = 10.1;
						ProvisioningStyle = Automatic;
						TestTargetID = DC69FD3B218900A2008BCF28;
					};
					DC69FD3B218900A2008BCF28 = {
						CreatedOnToolsVersion = 9.2;
						ProvisioningStyle = Automatic;
					};
				};
			};
			buildConfigurationList = DC69FD37218900A2008BCF28 /* Build configuration list for PBXProject "Pic-A-Day" */;
			compatibilityVersion = "Xcode 8.0";
			developmentRegion = en;
			hasScannedForEncodings = 0;
			knownRegions = (
				en,
				Base,
			);
			mainGroup = DC69FD33218900A2008BCF28;
			productRefGroup = DC69FD3D218900A2008BCF28 /* Products */;
			projectDirPath = "";
			projectRoot = "";
			targets = (
				DC69FD3B218900A2008BCF28 /* Pic-A-Day */,
				CF4176FC218FDBA500FEB204 /* Pic-A-DayUnitTests */,
			);
		};
/* End PBXProject section */

/* Begin PBXResourcesBuildPhase section */
		CF4176FB218FDBA500FEB204 /* Resources */ = {
			isa = PBXResourcesBuildPhase;
			buildActionMask = 2147483647;
			files = (
			);
			runOnlyForDeploymentPostprocessing = 0;
		};
		DC69FD3A218900A2008BCF28 /* Resources */ = {
			isa = PBXResourcesBuildPhase;
			buildActionMask = 2147483647;
			files = (
				DC69FD4A218900A2008BCF28 /* LaunchScreen.storyboard in Resources */,
				DC69FD47218900A2008BCF28 /* Assets.xcassets in Resources */,
				DC69FD45218900A2008BCF28 /* Main.storyboard in Resources */,
			);
			runOnlyForDeploymentPostprocessing = 0;
		};
/* End PBXResourcesBuildPhase section */

/* Begin PBXSourcesBuildPhase section */
		CF4176F9218FDBA500FEB204 /* Sources */ = {
			isa = PBXSourcesBuildPhase;
			buildActionMask = 2147483647;
			files = (
				CF417700218FDBA500FEB204 /* Pic_A_DayUnitTests.swift in Sources */,
			);
			runOnlyForDeploymentPostprocessing = 0;
		};
		DC69FD38218900A2008BCF28 /* Sources */ = {
			isa = PBXSourcesBuildPhase;
			buildActionMask = 2147483647;
			files = (
				DC69FD5A21891374008BCF28 /* PhotoPreviewViewController.swift in Sources */,
				DC952259218F661900CDF279 /* DayViewController.swift in Sources */,
				DC70D601218F88C00075D16B /* EventImageSelectionViewController.swift in Sources */,
				DC69FD42218900A2008BCF28 /* ViewController.swift in Sources */,
				DC69FD6321899807008BCF28 /* GradientView.swift in Sources */,
				DC69FD40218900A2008BCF28 /* AppDelegate.swift in Sources */,
				DC952255218F638700CDF279 /* DateCollectionViewCell.swift in Sources */,
				DC69FD6E2189AB42008BCF28 /* ClipboardCollectionViewCell.swift in Sources */,
				DC952257218F65D500CDF279 /* CalendarVars.swift in Sources */,
				DC96802D218A2F3700F6861C /* ClipboardViewController.swift in Sources */,
				DC70D603218F8BFC0075D16B /* SettingsViewController.swift in Sources */,
			);
			runOnlyForDeploymentPostprocessing = 0;
		};
/* End PBXSourcesBuildPhase section */

/* Begin PBXTargetDependency section */
		CF417703218FDBA500FEB204 /* PBXTargetDependency */ = {
			isa = PBXTargetDependency;
			target = DC69FD3B218900A2008BCF28 /* Pic-A-Day */;
			targetProxy = CF417702218FDBA500FEB204 /* PBXContainerItemProxy */;
		};
/* End PBXTargetDependency section */

/* Begin PBXVariantGroup section */
		DC69FD43218900A2008BCF28 /* Main.storyboard */ = {
			isa = PBXVariantGroup;
			children = (
				DC69FD44218900A2008BCF28 /* Base */,
			);
			name = Main.storyboard;
			sourceTree = "<group>";
		};
		DC69FD48218900A2008BCF28 /* LaunchScreen.storyboard */ = {
			isa = PBXVariantGroup;
			children = (
				DC69FD49218900A2008BCF28 /* Base */,
			);
			name = LaunchScreen.storyboard;
			sourceTree = "<group>";
		};
/* End PBXVariantGroup section */

/* Begin XCBuildConfiguration section */
		CF417704218FDBA500FEB204 /* Debug */ = {
			isa = XCBuildConfiguration;
			buildSettings = {
				BUNDLE_LOADER = "$(TEST_HOST)";
				CLANG_ENABLE_OBJC_WEAK = YES;
				CLANG_WARN_DEPRECATED_OBJC_IMPLEMENTATIONS = YES;
				CLANG_WARN_OBJC_IMPLICIT_RETAIN_SELF = YES;
				CODE_SIGN_STYLE = Automatic;
				INFOPLIST_FILE = "Pic-A-DayUnitTests/Info.plist";
				IPHONEOS_DEPLOYMENT_TARGET = 12.1;
				LD_RUNPATH_SEARCH_PATHS = "$(inherited) @executable_path/Frameworks @loader_path/Frameworks";
				MTL_ENABLE_DEBUG_INFO = INCLUDE_SOURCE;
				MTL_FAST_MATH = YES;
				PRODUCT_BUNDLE_IDENTIFIER = "PatrickC.Pic-A-DayUnitTests";
				PRODUCT_NAME = "$(TARGET_NAME)";
				SWIFT_VERSION = 4.2;
				TARGETED_DEVICE_FAMILY = "1,2";
				TEST_HOST = "$(BUILT_PRODUCTS_DIR)/Pic-A-Day.app/Pic-A-Day";
			};
			name = Debug;
		};
		CF417705218FDBA500FEB204 /* Release */ = {
			isa = XCBuildConfiguration;
			buildSettings = {
				BUNDLE_LOADER = "$(TEST_HOST)";
				CLANG_ENABLE_OBJC_WEAK = YES;
				CLANG_WARN_DEPRECATED_OBJC_IMPLEMENTATIONS = YES;
				CLANG_WARN_OBJC_IMPLICIT_RETAIN_SELF = YES;
				CODE_SIGN_STYLE = Automatic;
				INFOPLIST_FILE = "Pic-A-DayUnitTests/Info.plist";
				IPHONEOS_DEPLOYMENT_TARGET = 12.1;
				LD_RUNPATH_SEARCH_PATHS = "$(inherited) @executable_path/Frameworks @loader_path/Frameworks";
				MTL_FAST_MATH = YES;
				PRODUCT_BUNDLE_IDENTIFIER = "PatrickC.Pic-A-DayUnitTests";
				PRODUCT_NAME = "$(TARGET_NAME)";
				SWIFT_VERSION = 4.2;
				TARGETED_DEVICE_FAMILY = "1,2";
				TEST_HOST = "$(BUILT_PRODUCTS_DIR)/Pic-A-Day.app/Pic-A-Day";
			};
			name = Release;
		};
		DC69FD4C218900A2008BCF28 /* Debug */ = {
			isa = XCBuildConfiguration;
			buildSettings = {
				ALWAYS_SEARCH_USER_PATHS = NO;
				CLANG_ANALYZER_NONNULL = YES;
				CLANG_ANALYZER_NUMBER_OBJECT_CONVERSION = YES_AGGRESSIVE;
				CLANG_CXX_LANGUAGE_STANDARD = "gnu++14";
				CLANG_CXX_LIBRARY = "libc++";
				CLANG_ENABLE_MODULES = YES;
				CLANG_ENABLE_OBJC_ARC = YES;
				CLANG_WARN_BLOCK_CAPTURE_AUTORELEASING = YES;
				CLANG_WARN_BOOL_CONVERSION = YES;
				CLANG_WARN_COMMA = YES;
				CLANG_WARN_CONSTANT_CONVERSION = YES;
				CLANG_WARN_DIRECT_OBJC_ISA_USAGE = YES_ERROR;
				CLANG_WARN_DOCUMENTATION_COMMENTS = YES;
				CLANG_WARN_EMPTY_BODY = YES;
				CLANG_WARN_ENUM_CONVERSION = YES;
				CLANG_WARN_INFINITE_RECURSION = YES;
				CLANG_WARN_INT_CONVERSION = YES;
				CLANG_WARN_NON_LITERAL_NULL_CONVERSION = YES;
				CLANG_WARN_OBJC_LITERAL_CONVERSION = YES;
				CLANG_WARN_OBJC_ROOT_CLASS = YES_ERROR;
				CLANG_WARN_RANGE_LOOP_ANALYSIS = YES;
				CLANG_WARN_STRICT_PROTOTYPES = YES;
				CLANG_WARN_SUSPICIOUS_MOVE = YES;
				CLANG_WARN_UNGUARDED_AVAILABILITY = YES_AGGRESSIVE;
				CLANG_WARN_UNREACHABLE_CODE = YES;
				CLANG_WARN__DUPLICATE_METHOD_MATCH = YES;
				CODE_SIGN_IDENTITY = "iPhone Developer";
				COPY_PHASE_STRIP = NO;
				DEBUG_INFORMATION_FORMAT = dwarf;
				ENABLE_STRICT_OBJC_MSGSEND = YES;
				ENABLE_TESTABILITY = YES;
				GCC_C_LANGUAGE_STANDARD = gnu11;
				GCC_DYNAMIC_NO_PIC = NO;
				GCC_NO_COMMON_BLOCKS = YES;
				GCC_OPTIMIZATION_LEVEL = 0;
				GCC_PREPROCESSOR_DEFINITIONS = (
					"DEBUG=1",
					"$(inherited)",
				);
				GCC_WARN_64_TO_32_BIT_CONVERSION = YES;
				GCC_WARN_ABOUT_RETURN_TYPE = YES_ERROR;
				GCC_WARN_UNDECLARED_SELECTOR = YES;
				GCC_WARN_UNINITIALIZED_AUTOS = YES_AGGRESSIVE;
				GCC_WARN_UNUSED_FUNCTION = YES;
				GCC_WARN_UNUSED_VARIABLE = YES;
				IPHONEOS_DEPLOYMENT_TARGET = 11.2;
				MTL_ENABLE_DEBUG_INFO = YES;
				ONLY_ACTIVE_ARCH = YES;
				SDKROOT = iphoneos;
				SWIFT_ACTIVE_COMPILATION_CONDITIONS = DEBUG;
				SWIFT_OPTIMIZATION_LEVEL = "-Onone";
			};
			name = Debug;
		};
		DC69FD4D218900A2008BCF28 /* Release */ = {
			isa = XCBuildConfiguration;
			buildSettings = {
				ALWAYS_SEARCH_USER_PATHS = NO;
				CLANG_ANALYZER_NONNULL = YES;
				CLANG_ANALYZER_NUMBER_OBJECT_CONVERSION = YES_AGGRESSIVE;
				CLANG_CXX_LANGUAGE_STANDARD = "gnu++14";
				CLANG_CXX_LIBRARY = "libc++";
				CLANG_ENABLE_MODULES = YES;
				CLANG_ENABLE_OBJC_ARC = YES;
				CLANG_WARN_BLOCK_CAPTURE_AUTORELEASING = YES;
				CLANG_WARN_BOOL_CONVERSION = YES;
				CLANG_WARN_COMMA = YES;
				CLANG_WARN_CONSTANT_CONVERSION = YES;
				CLANG_WARN_DIRECT_OBJC_ISA_USAGE = YES_ERROR;
				CLANG_WARN_DOCUMENTATION_COMMENTS = YES;
				CLANG_WARN_EMPTY_BODY = YES;
				CLANG_WARN_ENUM_CONVERSION = YES;
				CLANG_WARN_INFINITE_RECURSION = YES;
				CLANG_WARN_INT_CONVERSION = YES;
				CLANG_WARN_NON_LITERAL_NULL_CONVERSION = YES;
				CLANG_WARN_OBJC_LITERAL_CONVERSION = YES;
				CLANG_WARN_OBJC_ROOT_CLASS = YES_ERROR;
				CLANG_WARN_RANGE_LOOP_ANALYSIS = YES;
				CLANG_WARN_STRICT_PROTOTYPES = YES;
				CLANG_WARN_SUSPICIOUS_MOVE = YES;
				CLANG_WARN_UNGUARDED_AVAILABILITY = YES_AGGRESSIVE;
				CLANG_WARN_UNREACHABLE_CODE = YES;
				CLANG_WARN__DUPLICATE_METHOD_MATCH = YES;
				CODE_SIGN_IDENTITY = "iPhone Developer";
				COPY_PHASE_STRIP = NO;
				DEBUG_INFORMATION_FORMAT = "dwarf-with-dsym";
				ENABLE_NS_ASSERTIONS = NO;
				ENABLE_STRICT_OBJC_MSGSEND = YES;
				GCC_C_LANGUAGE_STANDARD = gnu11;
				GCC_NO_COMMON_BLOCKS = YES;
				GCC_WARN_64_TO_32_BIT_CONVERSION = YES;
				GCC_WARN_ABOUT_RETURN_TYPE = YES_ERROR;
				GCC_WARN_UNDECLARED_SELECTOR = YES;
				GCC_WARN_UNINITIALIZED_AUTOS = YES_AGGRESSIVE;
				GCC_WARN_UNUSED_FUNCTION = YES;
				GCC_WARN_UNUSED_VARIABLE = YES;
				IPHONEOS_DEPLOYMENT_TARGET = 11.2;
				MTL_ENABLE_DEBUG_INFO = NO;
				SDKROOT = iphoneos;
				SWIFT_OPTIMIZATION_LEVEL = "-Owholemodule";
				VALIDATE_PRODUCT = YES;
			};
			name = Release;
		};
		DC69FD4F218900A2008BCF28 /* Debug */ = {
			isa = XCBuildConfiguration;
			buildSettings = {
				ASSETCATALOG_COMPILER_APPICON_NAME = AppIcon;
				CODE_SIGN_STYLE = Automatic;
				DEVELOPMENT_TEAM = 3TC9378K6Y;
				INFOPLIST_FILE = "sample-app/Info.plist";
				LD_RUNPATH_SEARCH_PATHS = "$(inherited) @executable_path/Frameworks";
				PRODUCT_BUNDLE_IDENTIFIER = "pinnacleStudios.sample-app2";
				PRODUCT_NAME = "$(TARGET_NAME)";
				SWIFT_VERSION = 4.2;
				TARGETED_DEVICE_FAMILY = "1,2";
			};
			name = Debug;
		};
		DC69FD50218900A2008BCF28 /* Release */ = {
			isa = XCBuildConfiguration;
			buildSettings = {
				ASSETCATALOG_COMPILER_APPICON_NAME = AppIcon;
				CODE_SIGN_STYLE = Automatic;
				DEVELOPMENT_TEAM = 3TC9378K6Y;
				INFOPLIST_FILE = "sample-app/Info.plist";
				LD_RUNPATH_SEARCH_PATHS = "$(inherited) @executable_path/Frameworks";
				PRODUCT_BUNDLE_IDENTIFIER = "pinnacleStudios.sample-app2";
				PRODUCT_NAME = "$(TARGET_NAME)";
				SWIFT_VERSION = 4.2;
				TARGETED_DEVICE_FAMILY = "1,2";
			};
			name = Release;
		};
/* End XCBuildConfiguration section */

/* Begin XCConfigurationList section */
		CF417706218FDBA500FEB204 /* Build configuration list for PBXNativeTarget "Pic-A-DayUnitTests" */ = {
			isa = XCConfigurationList;
			buildConfigurations = (
				CF417704218FDBA500FEB204 /* Debug */,
				CF417705218FDBA500FEB204 /* Release */,
			);
			defaultConfigurationIsVisible = 0;
			defaultConfigurationName = Release;
		};
		DC69FD37218900A2008BCF28 /* Build configuration list for PBXProject "Pic-A-Day" */ = {
			isa = XCConfigurationList;
			buildConfigurations = (
				DC69FD4C218900A2008BCF28 /* Debug */,
				DC69FD4D218900A2008BCF28 /* Release */,
			);
			defaultConfigurationIsVisible = 0;
			defaultConfigurationName = Release;
		};
		DC69FD4E218900A2008BCF28 /* Build configuration list for PBXNativeTarget "Pic-A-Day" */ = {
			isa = XCConfigurationList;
			buildConfigurations = (
				DC69FD4F218900A2008BCF28 /* Debug */,
				DC69FD50218900A2008BCF28 /* Release */,
			);
			defaultConfigurationIsVisible = 0;
			defaultConfigurationName = Release;
		};
/* End XCConfigurationList section */
	};
	rootObject = DC69FD34218900A2008BCF28 /* Project object */;
}
